
Microsoft Visual Studio Solution File, Format Version 12.00
# Visual Studio Version 17
VisualStudioVersion = 17.7.34031.279
MinimumVisualStudioVersion = 10.0.40219.1
Project("{8BC9CEB8-8B4A-11D0-8D11-00A0C91BC942}") = "пр10.3", "пр10.3\пр10.3.vcxproj", "{08B5738A-FBF7-4890-882E-5CA531D3BDD4}"
EndProject
Project("{8BC9CEB8-8B4A-11D0-8D11-00A0C91BC942}") = "UnitTest10.3", "UnitTest10.3\UnitTest10.3.vcxproj", "{A96D9497-0D2F-4321-9895-4E0EEDABE303}"
EndProject
Global
	GlobalSection(SolutionConfigurationPlatforms) = preSolution
		Debug|x64 = Debug|x64
		Debug|x86 = Debug|x86
		Release|x64 = Release|x64
		Release|x86 = Release|x86
	EndGlobalSection
	GlobalSection(ProjectConfigurationPlatforms) = postSolution
		{08B5738A-FBF7-4890-882E-5CA531D3BDD4}.Debug|x64.ActiveCfg = Debug|x64
		{08B5738A-FBF7-4890-882E-5CA531D3BDD4}.Debug|x64.Build.0 = Debug|x64
		{08B5738A-FBF7-4890-882E-5CA531D3BDD4}.Debug|x86.ActiveCfg = Debug|Win32
		{08B5738A-FBF7-4890-882E-5CA531D3BDD4}.Debug|x86.Build.0 = Debug|Win32
		{08B5738A-FBF7-4890-882E-5CA531D3BDD4}.Release|x64.ActiveCfg = Release|x64
		{08B5738A-FBF7-4890-882E-5CA531D3BDD4}.Release|x64.Build.0 = Release|x64
		{08B5738A-FBF7-4890-882E-5CA531D3BDD4}.Release|x86.ActiveCfg = Release|Win32
		{08B5738A-FBF7-4890-882E-5CA531D3BDD4}.Release|x86.Build.0 = Release|Win32
		{A96D9497-0D2F-4321-9895-4E0EEDABE303}.Debug|x64.ActiveCfg = Debug|x64
		{A96D9497-0D2F-4321-9895-4E0EEDABE303}.Debug|x64.Build.0 = Debug|x64
		{A96D9497-0D2F-4321-9895-4E0EEDABE303}.Debug|x86.ActiveCfg = Debug|Win32
		{A96D9497-0D2F-4321-9895-4E0EEDABE303}.Debug|x86.Build.0 = Debug|Win32
		{A96D9497-0D2F-4321-9895-4E0EEDABE303}.Release|x64.ActiveCfg = Release|x64
		{A96D9497-0D2F-4321-9895-4E0EEDABE303}.Release|x64.Build.0 = Release|x64
		{A96D9497-0D2F-4321-9895-4E0EEDABE303}.Release|x86.ActiveCfg = Release|Win32
		{A96D9497-0D2F-4321-9895-4E0EEDABE303}.Release|x86.Build.0 = Release|Win32
	EndGlobalSection
	GlobalSection(SolutionProperties) = preSolution
		HideSolutionNode = FALSE
	EndGlobalSection
	GlobalSection(ExtensibilityGlobals) = postSolution
		SolutionGuid = {871DFFCE-79F3-4D11-ACAE-DA45FE8C2AE6}
	EndGlobalSection
EndGlobal
